PODS:
  - CardIO (1.0.0):
    - OpenCV (~> 4.0)
  - CardIO/icc (1.0.0):
    - OpenCV (~> 4.0)
  - OpenCV (4.0)

DEPENDENCIES:
  - CardIO (from `.`)
  - CardIO/icc (from `.`)
  - OpenCV (from `.`)

EXTERNAL SOURCES:
  CardIO:
    :path: "."
  OpenCV:
    :path: "."

SPEC CHECKSUMS:
  CardIO: 8ac3fe3196ee87f9b745af7d78147e4500a91c58
  OpenCV: 20a3754f8daa1dd5738a43b248fb49247ae9d35b

PODFILE CHECKSUM: 9118d36df27c2c242ee671c8d20dd18a414bca3c

COCOAPODS: 1.10.1
